// !$*UTF8*$!
{
	archiveVersion = 1;
	classes = {
	};
	objectVersion = 50;
	objects = {

/* Begin PBXBuildFile section */
		B520539426671E0C003AE58D /* HelloSwiftUIApp.swift in Sources */ = {isa = PBXBuildFile; fileRef = B520539326671E0C003AE58D /* HelloSwiftUIApp.swift */; };
		B520539626671E0C003AE58D /* ContentView.swift in Sources */ = {isa = PBXBuildFile; fileRef = B520539526671E0C003AE58D /* ContentView.swift */; };
		B520539826671E0D003AE58D /* Assets.xcassets in Resources */ = {isa = PBXBuildFile; fileRef = B520539726671E0D003AE58D /* Assets.xcassets */; };
		B520539B26671E0D003AE58D /* Preview Assets.xcassets in Resources */ = {isa = PBXBuildFile; fileRef = B520539A26671E0D003AE58D /* Preview Assets.xcassets */; };
		B52053A3266740EB003AE58D /* TextSample.swift in Sources */ = {isa = PBXBuildFile; fileRef = B52053A2266740EB003AE58D /* TextSample.swift */; };
		B52053A5266744D9003AE58D /* ImageSample.swift in Sources */ = {isa = PBXBuildFile; fileRef = B52053A4266744D9003AE58D /* ImageSample.swift */; };
		B5919124266F28580023E1E4 /* ButtonSample.swift in Sources */ = {isa = PBXBuildFile; fileRef = B5919123266F28580023E1E4 /* ButtonSample.swift */; };
		B5919126266F30BD0023E1E4 /* NavigationSample.swift in Sources */ = {isa = PBXBuildFile; fileRef = B5919125266F30BD0023E1E4 /* NavigationSample.swift */; };
		B5919128266F35E30023E1E4 /* NavigationLinkSample.swift in Sources */ = {isa = PBXBuildFile; fileRef = B5919127266F35E30023E1E4 /* NavigationLinkSample.swift */; };
		B591912A266F3B920023E1E4 /* NavigationDoubleColumnStyle.swift in Sources */ = {isa = PBXBuildFile; fileRef = B5919129266F3B920023E1E4 /* NavigationDoubleColumnStyle.swift */; };
		B5AA15C5266F3CEC0013B869 /* ListSample.swift in Sources */ = {isa = PBXBuildFile; fileRef = B5AA15C4266F3CEC0013B869 /* ListSample.swift */; };
		B5BD751A2671A33300F80FE6 /* DragGestureSample.swift in Sources */ = {isa = PBXBuildFile; fileRef = B5BD75192671A33300F80FE6 /* DragGestureSample.swift */; };
		B5BD751C2671A4DF00F80FE6 /* FrameSample.swift in Sources */ = {isa = PBXBuildFile; fileRef = B5BD751B2671A4DF00F80FE6 /* FrameSample.swift */; };
		B5BD751E2671AA2200F80FE6 /* LayoutPriority.swift in Sources */ = {isa = PBXBuildFile; fileRef = B5BD751D2671AA2200F80FE6 /* LayoutPriority.swift */; };
		B5E280A42668ACAF003B409F /* SFSymbolSample.swift in Sources */ = {isa = PBXBuildFile; fileRef = B5E280A32668ACAF003B409F /* SFSymbolSample.swift */; };
		B5E280A62668D0E2003B409F /* StackSample.swift in Sources */ = {isa = PBXBuildFile; fileRef = B5E280A52668D0E2003B409F /* StackSample.swift */; };
		B5FDBEE9267062D60004FFFE /* GeometryReaderSample.swift in Sources */ = {isa = PBXBuildFile; fileRef = B5FDBEE8267062D60004FFFE /* GeometryReaderSample.swift */; };
/* End PBXBuildFile section */

/* Begin PBXFileReference section */
		B520539026671E0C003AE58D /* HelloSwiftUI.app */ = {isa = PBXFileReference; explicitFileType = wrapper.application; includeInIndex = 0; path = HelloSwiftUI.app; sourceTree = BUILT_PRODUCTS_DIR; };
		B520539326671E0C003AE58D /* HelloSwiftUIApp.swift */ = {isa = PBXFileReference; lastKnownFileType = sourcecode.swift; path = HelloSwiftUIApp.swift; sourceTree = "<group>"; };
		B520539526671E0C003AE58D /* ContentView.swift */ = {isa = PBXFileReference; lastKnownFileType = sourcecode.swift; path = ContentView.swift; sourceTree = "<group>"; };
		B520539726671E0D003AE58D /* Assets.xcassets */ = {isa = PBXFileReference; lastKnownFileType = folder.assetcatalog; path = Assets.xcassets; sourceTree = "<group>"; };
		B520539A26671E0D003AE58D /* Preview Assets.xcassets */ = {isa = PBXFileReference; lastKnownFileType = folder.assetcatalog; path = "Preview Assets.xcassets"; sourceTree = "<group>"; };
		B520539C26671E0D003AE58D /* Info.plist */ = {isa = PBXFileReference; lastKnownFileType = text.plist.xml; path = Info.plist; sourceTree = "<group>"; };
		B52053A2266740EB003AE58D /* TextSample.swift */ = {isa = PBXFileReference; lastKnownFileType = sourcecode.swift; path = TextSample.swift; sourceTree = "<group>"; };
		B52053A4266744D9003AE58D /* ImageSample.swift */ = {isa = PBXFileReference; lastKnownFileType = sourcecode.swift; path = ImageSample.swift; sourceTree = "<group>"; };
		B5919123266F28580023E1E4 /* ButtonSample.swift */ = {isa = PBXFileReference; lastKnownFileType = sourcecode.swift; path = ButtonSample.swift; sourceTree = "<group>"; };
		B5919125266F30BD0023E1E4 /* NavigationSample.swift */ = {isa = PBXFileReference; lastKnownFileType = sourcecode.swift; path = NavigationSample.swift; sourceTree = "<group>"; };
		B5919127266F35E30023E1E4 /* NavigationLinkSample.swift */ = {isa = PBXFileReference; lastKnownFileType = sourcecode.swift; path = NavigationLinkSample.swift; sourceTree = "<group>"; };
		B5919129266F3B920023E1E4 /* NavigationDoubleColumnStyle.swift */ = {isa = PBXFileReference; lastKnownFileType = sourcecode.swift; path = NavigationDoubleColumnStyle.swift; sourceTree = "<group>"; };
		B5AA15C4266F3CEC0013B869 /* ListSample.swift */ = {isa = PBXFileReference; lastKnownFileType = sourcecode.swift; path = ListSample.swift; sourceTree = "<group>"; };
		B5BD75192671A33300F80FE6 /* DragGestureSample.swift */ = {isa = PBXFileReference; lastKnownFileType = sourcecode.swift; path = DragGestureSample.swift; sourceTree = "<group>"; };
		B5BD751B2671A4DF00F80FE6 /* FrameSample.swift */ = {isa = PBXFileReference; lastKnownFileType = sourcecode.swift; path = FrameSample.swift; sourceTree = "<group>"; };
		B5BD751D2671AA2200F80FE6 /* LayoutPriority.swift */ = {isa = PBXFileReference; lastKnownFileType = sourcecode.swift; path = LayoutPriority.swift; sourceTree = "<group>"; };
		B5E280A32668ACAF003B409F /* SFSymbolSample.swift */ = {isa = PBXFileReference; lastKnownFileType = sourcecode.swift; path = SFSymbolSample.swift; sourceTree = "<group>"; };
		B5E280A52668D0E2003B409F /* StackSample.swift */ = {isa = PBXFileReference; lastKnownFileType = sourcecode.swift; path = StackSample.swift; sourceTree = "<group>"; };
		B5FDBEE8267062D60004FFFE /* GeometryReaderSample.swift */ = {isa = PBXFileReference; lastKnownFileType = sourcecode.swift; path = GeometryReaderSample.swift; sourceTree = "<group>"; };
/* End PBXFileReference section */

/* Begin PBXFrameworksBuildPhase section */
		B520538D26671E0C003AE58D /* Frameworks */ = {
			isa = PBXFrameworksBuildPhase;
			buildActionMask = 2147483647;
			files = (
			);
			runOnlyForDeploymentPostprocessing = 0;
		};
/* End PBXFrameworksBuildPhase section */

/* Begin PBXGroup section */
		B520538726671E0C003AE58D = {
			isa = PBXGroup;
			children = (
				B520539226671E0C003AE58D /* HelloSwiftUI */,
				B520539126671E0C003AE58D /* Products */,
			);
			sourceTree = "<group>";
		};
		B520539126671E0C003AE58D /* Products */ = {
			isa = PBXGroup;
			children = (
				B520539026671E0C003AE58D /* HelloSwiftUI.app */,
			);
			name = Products;
			sourceTree = "<group>";
		};
		B520539226671E0C003AE58D /* HelloSwiftUI */ = {
			isa = PBXGroup;
			children = (
				B520539326671E0C003AE58D /* HelloSwiftUIApp.swift */,
				B520539526671E0C003AE58D /* ContentView.swift */,
				B520539726671E0D003AE58D /* Assets.xcassets */,
				B520539C26671E0D003AE58D /* Info.plist */,
				B520539926671E0D003AE58D /* Preview Content */,
				B52053A2266740EB003AE58D /* TextSample.swift */,
				B52053A4266744D9003AE58D /* ImageSample.swift */,
				B5E280A32668ACAF003B409F /* SFSymbolSample.swift */,
				B5E280A52668D0E2003B409F /* StackSample.swift */,
				B5919123266F28580023E1E4 /* ButtonSample.swift */,
				B5919125266F30BD0023E1E4 /* NavigationSample.swift */,
				B5919127266F35E30023E1E4 /* NavigationLinkSample.swift */,
				B5919129266F3B920023E1E4 /* NavigationDoubleColumnStyle.swift */,
				B5AA15C4266F3CEC0013B869 /* ListSample.swift */,
				B5FDBEE8267062D60004FFFE /* GeometryReaderSample.swift */,
				B5BD75192671A33300F80FE6 /* DragGestureSample.swift */,
				B5BD751B2671A4DF00F80FE6 /* FrameSample.swift */,
				B5BD751D2671AA2200F80FE6 /* LayoutPriority.swift */,
			);
			path = HelloSwiftUI;
			sourceTree = "<group>";
		};
		B520539926671E0D003AE58D /* Preview Content */ = {
			isa = PBXGroup;
			children = (
				B520539A26671E0D003AE58D /* Preview Assets.xcassets */,
			);
			path = "Preview Content";
			sourceTree = "<group>";
		};
/* End PBXGroup section */

/* Begin PBXNativeTarget section */
		B520538F26671E0C003AE58D /* HelloSwiftUI */ = {
			isa = PBXNativeTarget;
			buildConfigurationList = B520539F26671E0D003AE58D /* Build configuration list for PBXNativeTarget "HelloSwiftUI" */;
			buildPhases = (
				B520538C26671E0C003AE58D /* Sources */,
				B520538D26671E0C003AE58D /* Frameworks */,
				B520538E26671E0C003AE58D /* Resources */,
			);
			buildRules = (
			);
			dependencies = (
			);
			name = HelloSwiftUI;
			productName = HelloSwiftUI;
			productReference = B520539026671E0C003AE58D /* HelloSwiftUI.app */;
			productType = "com.apple.product-type.application";
		};
/* End PBXNativeTarget section */

/* Begin PBXProject section */
		B520538826671E0C003AE58D /* Project object */ = {
			isa = PBXProject;
			attributes = {
				LastSwiftUpdateCheck = 1250;
				LastUpgradeCheck = 1250;
				TargetAttributes = {
					B520538F26671E0C003AE58D = {
						CreatedOnToolsVersion = 12.5;
					};
				};
			};
			buildConfigurationList = B520538B26671E0C003AE58D /* Build configuration list for PBXProject "HelloSwiftUI" */;
			compatibilityVersion = "Xcode 9.3";
			developmentRegion = en;
			hasScannedForEncodings = 0;
			knownRegions = (
				en,
				Base,
			);
			mainGroup = B520538726671E0C003AE58D;
			productRefGroup = B520539126671E0C003AE58D /* Products */;
			projectDirPath = "";
			projectRoot = "";
			targets = (
				B520538F26671E0C003AE58D /* HelloSwiftUI */,
			);
		};
/* End PBXProject section */

/* Begin PBXResourcesBuildPhase section */
		B520538E26671E0C003AE58D /* Resources */ = {
			isa = PBXResourcesBuildPhase;
			buildActionMask = 2147483647;
			files = (
				B520539B26671E0D003AE58D /* Preview Assets.xcassets in Resources */,
				B520539826671E0D003AE58D /* Assets.xcassets in Resources */,
			);
			runOnlyForDeploymentPostprocessing = 0;
		};
/* End PBXResourcesBuildPhase section */

/* Begin PBXSourcesBuildPhase section */
		B520538C26671E0C003AE58D /* Sources */ = {
			isa = PBXSourcesBuildPhase;
			buildActionMask = 2147483647;
			files = (
				B5E280A62668D0E2003B409F /* StackSample.swift in Sources */,
				B5919124266F28580023E1E4 /* ButtonSample.swift in Sources */,
				B520539626671E0C003AE58D /* ContentView.swift in Sources */,
				B5919126266F30BD0023E1E4 /* NavigationSample.swift in Sources */,
				B591912A266F3B920023E1E4 /* NavigationDoubleColumnStyle.swift in Sources */,
				B5BD751C2671A4DF00F80FE6 /* FrameSample.swift in Sources */,
				B5E280A42668ACAF003B409F /* SFSymbolSample.swift in Sources */,
				B5BD751A2671A33300F80FE6 /* DragGestureSample.swift in Sources */,
				B5FDBEE9267062D60004FFFE /* GeometryReaderSample.swift in Sources */,
				B52053A5266744D9003AE58D /* ImageSample.swift in Sources */,
				B5AA15C5266F3CEC0013B869 /* ListSample.swift in Sources */,
				B5919128266F35E30023E1E4 /* NavigationLinkSample.swift in Sources */,
				B52053A3266740EB003AE58D /* TextSample.swift in Sources */,
				B5BD751E2671AA2200F80FE6 /* LayoutPriority.swift in Sources */,
				B520539426671E0C003AE58D /* HelloSwiftUIApp.swift in Sources */,
			);
			runOnlyForDeploymentPostprocessing = 0;
		};
/* End PBXSourcesBuildPhase section */

/* Begin XCBuildConfiguration section */
		B520539D26671E0D003AE58D /* Debug */ = {
			isa = XCBuildConfiguration;
			buildSettings = {
				ALWAYS_SEARCH_USER_PATHS = NO;
				CLANG_ANALYZER_NONNULL = YES;
				CLANG_ANALYZER_NUMBER_OBJECT_CONVERSION = YES_AGGRESSIVE;
				CLANG_CXX_LANGUAGE_STANDARD = "gnu++14";
				CLANG_CXX_LIBRARY = "libc++";
				CLANG_ENABLE_MODULES = YES;
				CLANG_ENABLE_OBJC_ARC = YES;
				CLANG_ENABLE_OBJC_WEAK = YES;
				CLANG_WARN_BLOCK_CAPTURE_AUTORELEASING = YES;
				CLANG_WARN_BOOL_CONVERSION = YES;
				CLANG_WARN_COMMA = YES;
				CLANG_WARN_CONSTANT_CONVERSION = YES;
				CLANG_WARN_DEPRECATED_OBJC_IMPLEMENTATIONS = YES;
				CLANG_WARN_DIRECT_OBJC_ISA_USAGE = YES_ERROR;
				CLANG_WARN_DOCUMENTATION_COMMENTS = YES;
				CLANG_WARN_EMPTY_BODY = YES;
				CLANG_WARN_ENUM_CONVERSION = YES;
				CLANG_WARN_INFINITE_RECURSION = YES;
				CLANG_WARN_INT_CONVERSION = YES;
				CLANG_WARN_NON_LITERAL_NULL_CONVERSION = YES;
				CLANG_WARN_OBJC_IMPLICIT_RETAIN_SELF = YES;
				CLANG_WARN_OBJC_LITERAL_CONVERSION = YES;
				CLANG_WARN_OBJC_ROOT_CLASS = YES_ERROR;
				CLANG_WARN_QUOTED_INCLUDE_IN_FRAMEWORK_HEADER = YES;
				CLANG_WARN_RANGE_LOOP_ANALYSIS = YES;
				CLANG_WARN_STRICT_PROTOTYPES = YES;
				CLANG_WARN_SUSPICIOUS_MOVE = YES;
				CLANG_WARN_UNGUARDED_AVAILABILITY = YES_AGGRESSIVE;
				CLANG_WARN_UNREACHABLE_CODE = YES;
				CLANG_WARN__DUPLICATE_METHOD_MATCH = YES;
				COPY_PHASE_STRIP = NO;
				DEBUG_INFORMATION_FORMAT = dwarf;
				ENABLE_STRICT_OBJC_MSGSEND = YES;
				ENABLE_TESTABILITY = YES;
				GCC_C_LANGUAGE_STANDARD = gnu11;
				GCC_DYNAMIC_NO_PIC = NO;
				GCC_NO_COMMON_BLOCKS = YES;
				GCC_OPTIMIZATION_LEVEL = 0;
				GCC_PREPROCESSOR_DEFINITIONS = (
					"DEBUG=1",
					"$(inherited)",
				);
				GCC_WARN_64_TO_32_BIT_CONVERSION = YES;
				GCC_WARN_ABOUT_RETURN_TYPE = YES_ERROR;
				GCC_WARN_UNDECLARED_SELECTOR = YES;
				GCC_WARN_UNINITIALIZED_AUTOS = YES_AGGRESSIVE;
				GCC_WARN_UNUSED_FUNCTION = YES;
				GCC_WARN_UNUSED_VARIABLE = YES;
				IPHONEOS_DEPLOYMENT_TARGET = 14.5;
				MTL_ENABLE_DEBUG_INFO = INCLUDE_SOURCE;
				MTL_FAST_MATH = YES;
				ONLY_ACTIVE_ARCH = YES;
				SDKROOT = iphoneos;
				SWIFT_ACTIVE_COMPILATION_CONDITIONS = DEBUG;
				SWIFT_OPTIMIZATION_LEVEL = "-Onone";
			};
			name = Debug;
		};
		B520539E26671E0D003AE58D /* Release */ = {
			isa = XCBuildConfiguration;
			buildSettings = {
				ALWAYS_SEARCH_USER_PATHS = NO;
				CLANG_ANALYZER_NONNULL = YES;
				CLANG_ANALYZER_NUMBER_OBJECT_CONVERSION = YES_AGGRESSIVE;
				CLANG_CXX_LANGUAGE_STANDARD = "gnu++14";
				CLANG_CXX_LIBRARY = "libc++";
				CLANG_ENABLE_MODULES = YES;
				CLANG_ENABLE_OBJC_ARC = YES;
				CLANG_ENABLE_OBJC_WEAK = YES;
				CLANG_WARN_BLOCK_CAPTURE_AUTORELEASING = YES;
				CLANG_WARN_BOOL_CONVERSION = YES;
				CLANG_WARN_COMMA = YES;
				CLANG_WARN_CONSTANT_CONVERSION = YES;
				CLANG_WARN_DEPRECATED_OBJC_IMPLEMENTATIONS = YES;
				CLANG_WARN_DIRECT_OBJC_ISA_USAGE = YES_ERROR;
				CLANG_WARN_DOCUMENTATION_COMMENTS = YES;
				CLANG_WARN_EMPTY_BODY = YES;
				CLANG_WARN_ENUM_CONVERSION = YES;
				CLANG_WARN_INFINITE_RECURSION = YES;
				CLANG_WARN_INT_CONVERSION = YES;
				CLANG_WARN_NON_LITERAL_NULL_CONVERSION = YES;
				CLANG_WARN_OBJC_IMPLICIT_RETAIN_SELF = YES;
				CLANG_WARN_OBJC_LITERAL_CONVERSION = YES;
				CLANG_WARN_OBJC_ROOT_CLASS = YES_ERROR;
				CLANG_WARN_QUOTED_INCLUDE_IN_FRAMEWORK_HEADER = YES;
				CLANG_WARN_RANGE_LOOP_ANALYSIS = YES;
				CLANG_WARN_STRICT_PROTOTYPES = YES;
				CLANG_WARN_SUSPICIOUS_MOVE = YES;
				CLANG_WARN_UNGUARDED_AVAILABILITY = YES_AGGRESSIVE;
				CLANG_WARN_UNREACHABLE_CODE = YES;
				CLANG_WARN__DUPLICATE_METHOD_MATCH = YES;
				COPY_PHASE_STRIP = NO;
				DEBUG_INFORMATION_FORMAT = "dwarf-with-dsym";
				ENABLE_NS_ASSERTIONS = NO;
				ENABLE_STRICT_OBJC_MSGSEND = YES;
				GCC_C_LANGUAGE_STANDARD = gnu11;
				GCC_NO_COMMON_BLOCKS = YES;
				GCC_WARN_64_TO_32_BIT_CONVERSION = YES;
				GCC_WARN_ABOUT_RETURN_TYPE = YES_ERROR;
				GCC_WARN_UNDECLARED_SELECTOR = YES;
				GCC_WARN_UNINITIALIZED_AUTOS = YES_AGGRESSIVE;
				GCC_WARN_UNUSED_FUNCTION = YES;
				GCC_WARN_UNUSED_VARIABLE = YES;
				IPHONEOS_DEPLOYMENT_TARGET = 14.5;
				MTL_ENABLE_DEBUG_INFO = NO;
				MTL_FAST_MATH = YES;
				SDKROOT = iphoneos;
				SWIFT_COMPILATION_MODE = wholemodule;
				SWIFT_OPTIMIZATION_LEVEL = "-O";
				VALIDATE_PRODUCT = YES;
			};
			name = Release;
		};
		B52053A026671E0D003AE58D /* Debug */ = {
			isa = XCBuildConfiguration;
			buildSettings = {
				ASSETCATALOG_COMPILER_APPICON_NAME = AppIcon;
				ASSETCATALOG_COMPILER_GLOBAL_ACCENT_COLOR_NAME = AccentColor;
				CODE_SIGN_STYLE = Automatic;
				DEVELOPMENT_ASSET_PATHS = "\"HelloSwiftUI/Preview Content\"";
				DEVELOPMENT_TEAM = AYUBF3UYBE;
				ENABLE_PREVIEWS = YES;
				INFOPLIST_FILE = HelloSwiftUI/Info.plist;
				IPHONEOS_DEPLOYMENT_TARGET = 14.0;
				LD_RUNPATH_SEARCH_PATHS = (
					"$(inherited)",
					"@executable_path/Frameworks",
				);
				PRODUCT_BUNDLE_IDENTIFIER = swieeft.HelloSwiftUI;
				PRODUCT_NAME = "$(TARGET_NAME)";
				SWIFT_VERSION = 5.0;
				TARGETED_DEVICE_FAMILY = "1,2";
			};
			name = Debug;
		};
		B52053A126671E0D003AE58D /* Release */ = {
			isa = XCBuildConfiguration;
			buildSettings = {
				ASSETCATALOG_COMPILER_APPICON_NAME = AppIcon;
				ASSETCATALOG_COMPILER_GLOBAL_ACCENT_COLOR_NAME = AccentColor;
				CODE_SIGN_STYLE = Automatic;
				DEVELOPMENT_ASSET_PATHS = "\"HelloSwiftUI/Preview Content\"";
				DEVELOPMENT_TEAM = AYUBF3UYBE;
				ENABLE_PREVIEWS = YES;
				INFOPLIST_FILE = HelloSwiftUI/Info.plist;
				IPHONEOS_DEPLOYMENT_TARGET = 14.0;
				LD_RUNPATH_SEARCH_PATHS = (
					"$(inherited)",
					"@executable_path/Frameworks",
				);
				PRODUCT_BUNDLE_IDENTIFIER = swieeft.HelloSwiftUI;
				PRODUCT_NAME = "$(TARGET_NAME)";
				SWIFT_VERSION = 5.0;
				TARGETED_DEVICE_FAMILY = "1,2";
			};
			name = Release;
		};
/* End XCBuildConfiguration section */

/* Begin XCConfigurationList section */
		B520538B26671E0C003AE58D /* Build configuration list for PBXProject "HelloSwiftUI" */ = {
			isa = XCConfigurationList;
			buildConfigurations = (
				B520539D26671E0D003AE58D /* Debug */,
				B520539E26671E0D003AE58D /* Release */,
			);
			defaultConfigurationIsVisible = 0;
			defaultConfigurationName = Release;
		};
		B520539F26671E0D003AE58D /* Build configuration list for PBXNativeTarget "HelloSwiftUI" */ = {
			isa = XCConfigurationList;
			buildConfigurations = (
				B52053A026671E0D003AE58D /* Debug */,
				B52053A126671E0D003AE58D /* Release */,
			);
			defaultConfigurationIsVisible = 0;
			defaultConfigurationName = Release;
		};
/* End XCConfigurationList section */
	};
	rootObject = B520538826671E0C003AE58D /* Project object */;
}
